
Microsoft Visual Studio Solution File, Format Version 12.00
# Visual Studio 15
VisualStudioVersion = 15.0.26730.3
MinimumVisualStudioVersion = 10.0.40219.1
Project("{FAE04EC0-301F-11D3-BF4B-00C04F79EFBC}") = "Web1", "Web1\Web1.csproj", "{BB76A1E1-5C8B-438E-99CB-54FF9E8CE97A}"
EndProject
Global
	GlobalSection(SolutionConfigurationPlatforms) = preSolution
		Debug|Any CPU = Debug|Any CPU
		Release|Any CPU = Release|Any CPU
	EndGlobalSection
	GlobalSection(ProjectConfigurationPlatforms) = postSolution
		{BB76A1E1-5C8B-438E-99CB-54FF9E8CE97A}.Debug|Any CPU.ActiveCfg = Debug|Any CPU
		{BB76A1E1-5C8B-438E-99CB-54FF9E8CE97A}.Debug|Any CPU.Build.0 = Debug|Any CPU
		{BB76A1E1-5C8B-438E-99CB-54FF9E8CE97A}.Release|Any CPU.ActiveCfg = Release|Any CPU
		{BB76A1E1-5C8B-438E-99CB-54FF9E8CE97A}.Release|Any CPU.Build.0 = Release|Any CPU
	EndGlobalSection
	GlobalSection(SolutionProperties) = preSolution
		HideSolutionNode = FALSE
	EndGlobalSection
	GlobalSection(ExtensibilityGlobals) = postSolution
		SolutionGuid = {A0F5F74D-B0E9-4394-84DF-A05E705E685C}
	EndGlobalSection
EndGlobal
